
Microsoft Visual Studio Solution File, Format Version 12.00
# Visual Studio 15
VisualStudioVersion = 15.0.28307.489
MinimumVisualStudioVersion = 10.0.40219.1
Project("{FAE04EC0-301F-11D3-BF4B-00C04F79EFBC}") = "VideoRental_Simran", "VideoRental_Simran\VideoRental_Simran.csproj", "{2995E1D8-E08E-4F88-8F75-0E94B3ACD460}"
EndProject
Project("{FAE04EC0-301F-11D3-BF4B-00C04F79EFBC}") = "VideoRental_SimranTests", "VideoRental_SimranTests\VideoRental_SimranTests.csproj", "{936F2C0C-C50E-4F14-9B9D-E6BC38EC9673}"
EndProject
Global
	GlobalSection(SolutionConfigurationPlatforms) = preSolution
		Debug|Any CPU = Debug|Any CPU
		Release|Any CPU = Release|Any CPU
	EndGlobalSection
	GlobalSection(ProjectConfigurationPlatforms) = postSolution
		{2995E1D8-E08E-4F88-8F75-0E94B3ACD460}.Debug|Any CPU.ActiveCfg = Debug|Any CPU
		{2995E1D8-E08E-4F88-8F75-0E94B3ACD460}.Debug|Any CPU.Build.0 = Debug|Any CPU
		{2995E1D8-E08E-4F88-8F75-0E94B3ACD460}.Release|Any CPU.ActiveCfg = Release|Any CPU
		{2995E1D8-E08E-4F88-8F75-0E94B3ACD460}.Release|Any CPU.Build.0 = Release|Any CPU
		{936F2C0C-C50E-4F14-9B9D-E6BC38EC9673}.Debug|Any CPU.ActiveCfg = Debug|Any CPU
		{936F2C0C-C50E-4F14-9B9D-E6BC38EC9673}.Debug|Any CPU.Build.0 = Debug|Any CPU
		{936F2C0C-C50E-4F14-9B9D-E6BC38EC9673}.Release|Any CPU.ActiveCfg = Release|Any CPU
		{936F2C0C-C50E-4F14-9B9D-E6BC38EC9673}.Release|Any CPU.Build.0 = Release|Any CPU
	EndGlobalSection
	GlobalSection(SolutionProperties) = preSolution
		HideSolutionNode = FALSE
	EndGlobalSection
	GlobalSection(ExtensibilityGlobals) = postSolution
		SolutionGuid = {581F673A-5BA5-45C3-8FB7-1E3A9DCAF2B4}
	EndGlobalSection
EndGlobal
